
Microsoft Visual Studio Solution File, Format Version 12.00
# Visual Studio Version 16
VisualStudioVersion = 16.0.30114.105
MinimumVisualStudioVersion = 10.0.40219.1
Project("{2150E333-8FDC-42A3-9474-1A3956D46DE8}") = "src", "src", "{B3F25A2C-262A-4826-B46A-FD876CD7FC1A}"
EndProject
Project("{FAE04EC0-301F-11D3-BF4B-00C04F79EFBC}") = "Api.Domain", "src\Api.Domain\Api.Domain.csproj", "{36F79CBF-8B34-46C7-B639-1BB9674DDE3E}"
EndProject
Global
	GlobalSection(SolutionConfigurationPlatforms) = preSolution
		Debug|Any CPU = Debug|Any CPU
		Release|Any CPU = Release|Any CPU
	EndGlobalSection
	GlobalSection(SolutionProperties) = preSolution
		HideSolutionNode = FALSE
	EndGlobalSection
	GlobalSection(ProjectConfigurationPlatforms) = postSolution
		{36F79CBF-8B34-46C7-B639-1BB9674DDE3E}.Debug|Any CPU.ActiveCfg = Debug|Any CPU
		{36F79CBF-8B34-46C7-B639-1BB9674DDE3E}.Debug|Any CPU.Build.0 = Debug|Any CPU
		{36F79CBF-8B34-46C7-B639-1BB9674DDE3E}.Release|Any CPU.ActiveCfg = Release|Any CPU
		{36F79CBF-8B34-46C7-B639-1BB9674DDE3E}.Release|Any CPU.Build.0 = Release|Any CPU
	EndGlobalSection
	GlobalSection(NestedProjects) = preSolution
		{36F79CBF-8B34-46C7-B639-1BB9674DDE3E} = {B3F25A2C-262A-4826-B46A-FD876CD7FC1A}
	EndGlobalSection
EndGlobal
