
Microsoft Visual Studio Solution File, Format Version 12.00
# Visual Studio Version 16
VisualStudioVersion = 16.0.30114.105
MinimumVisualStudioVersion = 10.0.40219.1
Project("{FAE04EC0-301F-11D3-BF4B-00C04F79EFBC}") = "Api.Application", "Api.Application\Api.Application.csproj", "{D5452900-554B-4CC3-937B-191A435CFEFA}"
EndProject
Project("{FAE04EC0-301F-11D3-BF4B-00C04F79EFBC}") = "Api.Domain", "Api.Domain\Api.Domain.csproj", "{9141BDAF-402F-426A-9192-6B9FDBEFC780}"
EndProject
Project("{FAE04EC0-301F-11D3-BF4B-00C04F79EFBC}") = "Api.CrossCutting.Dtos", "Api.CrossCutting.Dtos\Api.CrossCutting.Dtos.csproj", "{D7B460AA-B454-49DD-B9EB-1B82F8E06516}"
EndProject
Project("{FAE04EC0-301F-11D3-BF4B-00C04F79EFBC}") = "Api.Shared", "Api.Shared\Api.Shared.csproj", "{1223C33C-DDE7-419F-B434-AD6B143367BA}"
EndProject
Project("{FAE04EC0-301F-11D3-BF4B-00C04F79EFBC}") = "Api.Infrastructure", "Api.Infrastructure\Api.Infrastructure.csproj", "{A0D887EA-83C6-40C4-A305-4F5A05EF4C9A}"
EndProject
Project("{FAE04EC0-301F-11D3-BF4B-00C04F79EFBC}") = "Api.Repositories", "Api.Repositories\Api.Repositories.csproj", "{16A187AF-14D5-49CF-9C5B-E21C41BCE986}"
EndProject
Project("{FAE04EC0-301F-11D3-BF4B-00C04F79EFBC}") = "Api.Services", "Api.Services\Api.Services.csproj", "{D6BE6450-7111-4E22-A24B-E31FD5788DB7}"
EndProject
Project("{FAE04EC0-301F-11D3-BF4B-00C04F79EFBC}") = "Api.CrossCutting.AutoMapper", "Api.CrossCutting.AutoMapper\Api.CrossCutting.AutoMapper.csproj", "{A16A81EA-E9A8-41AD-AF1E-B28F898443C7}"
EndProject
Project("{FAE04EC0-301F-11D3-BF4B-00C04F79EFBC}") = "Api.CrossCutting.Ioc", "Api.CrossCutting.Ioc\Api.CrossCutting.Ioc.csproj", "{86881968-A8A4-445B-9957-30EBB7D6020B}"
EndProject
Global
	GlobalSection(SolutionConfigurationPlatforms) = preSolution
		Debug|Any CPU = Debug|Any CPU
		Debug|x64 = Debug|x64
		Debug|x86 = Debug|x86
		Release|Any CPU = Release|Any CPU
		Release|x64 = Release|x64
		Release|x86 = Release|x86
	EndGlobalSection
	GlobalSection(SolutionProperties) = preSolution
		HideSolutionNode = FALSE
	EndGlobalSection
	GlobalSection(ProjectConfigurationPlatforms) = postSolution
		{D5452900-554B-4CC3-937B-191A435CFEFA}.Debug|Any CPU.ActiveCfg = Debug|Any CPU
		{D5452900-554B-4CC3-937B-191A435CFEFA}.Debug|Any CPU.Build.0 = Debug|Any CPU
		{D5452900-554B-4CC3-937B-191A435CFEFA}.Debug|x64.ActiveCfg = Debug|Any CPU
		{D5452900-554B-4CC3-937B-191A435CFEFA}.Debug|x64.Build.0 = Debug|Any CPU
		{D5452900-554B-4CC3-937B-191A435CFEFA}.Debug|x86.ActiveCfg = Debug|Any CPU
		{D5452900-554B-4CC3-937B-191A435CFEFA}.Debug|x86.Build.0 = Debug|Any CPU
		{D5452900-554B-4CC3-937B-191A435CFEFA}.Release|Any CPU.ActiveCfg = Release|Any CPU
		{D5452900-554B-4CC3-937B-191A435CFEFA}.Release|Any CPU.Build.0 = Release|Any CPU
		{D5452900-554B-4CC3-937B-191A435CFEFA}.Release|x64.ActiveCfg = Release|Any CPU
		{D5452900-554B-4CC3-937B-191A435CFEFA}.Release|x64.Build.0 = Release|Any CPU
		{D5452900-554B-4CC3-937B-191A435CFEFA}.Release|x86.ActiveCfg = Release|Any CPU
		{D5452900-554B-4CC3-937B-191A435CFEFA}.Release|x86.Build.0 = Release|Any CPU
		{9141BDAF-402F-426A-9192-6B9FDBEFC780}.Debug|Any CPU.ActiveCfg = Debug|Any CPU
		{9141BDAF-402F-426A-9192-6B9FDBEFC780}.Debug|Any CPU.Build.0 = Debug|Any CPU
		{9141BDAF-402F-426A-9192-6B9FDBEFC780}.Debug|x64.ActiveCfg = Debug|Any CPU
		{9141BDAF-402F-426A-9192-6B9FDBEFC780}.Debug|x64.Build.0 = Debug|Any CPU
		{9141BDAF-402F-426A-9192-6B9FDBEFC780}.Debug|x86.ActiveCfg = Debug|Any CPU
		{9141BDAF-402F-426A-9192-6B9FDBEFC780}.Debug|x86.Build.0 = Debug|Any CPU
		{9141BDAF-402F-426A-9192-6B9FDBEFC780}.Release|Any CPU.ActiveCfg = Release|Any CPU
		{9141BDAF-402F-426A-9192-6B9FDBEFC780}.Release|Any CPU.Build.0 = Release|Any CPU
		{9141BDAF-402F-426A-9192-6B9FDBEFC780}.Release|x64.ActiveCfg = Release|Any CPU
		{9141BDAF-402F-426A-9192-6B9FDBEFC780}.Release|x64.Build.0 = Release|Any CPU
		{9141BDAF-402F-426A-9192-6B9FDBEFC780}.Release|x86.ActiveCfg = Release|Any CPU
		{9141BDAF-402F-426A-9192-6B9FDBEFC780}.Release|x86.Build.0 = Release|Any CPU
		{D7B460AA-B454-49DD-B9EB-1B82F8E06516}.Debug|Any CPU.ActiveCfg = Debug|Any CPU
		{D7B460AA-B454-49DD-B9EB-1B82F8E06516}.Debug|Any CPU.Build.0 = Debug|Any CPU
		{D7B460AA-B454-49DD-B9EB-1B82F8E06516}.Debug|x64.ActiveCfg = Debug|Any CPU
		{D7B460AA-B454-49DD-B9EB-1B82F8E06516}.Debug|x64.Build.0 = Debug|Any CPU
		{D7B460AA-B454-49DD-B9EB-1B82F8E06516}.Debug|x86.ActiveCfg = Debug|Any CPU
		{D7B460AA-B454-49DD-B9EB-1B82F8E06516}.Debug|x86.Build.0 = Debug|Any CPU
		{D7B460AA-B454-49DD-B9EB-1B82F8E06516}.Release|Any CPU.ActiveCfg = Release|Any CPU
		{D7B460AA-B454-49DD-B9EB-1B82F8E06516}.Release|Any CPU.Build.0 = Release|Any CPU
		{D7B460AA-B454-49DD-B9EB-1B82F8E06516}.Release|x64.ActiveCfg = Release|Any CPU
		{D7B460AA-B454-49DD-B9EB-1B82F8E06516}.Release|x64.Build.0 = Release|Any CPU
		{D7B460AA-B454-49DD-B9EB-1B82F8E06516}.Release|x86.ActiveCfg = Release|Any CPU
		{D7B460AA-B454-49DD-B9EB-1B82F8E06516}.Release|x86.Build.0 = Release|Any CPU
		{1223C33C-DDE7-419F-B434-AD6B143367BA}.Debug|Any CPU.ActiveCfg = Debug|Any CPU
		{1223C33C-DDE7-419F-B434-AD6B143367BA}.Debug|Any CPU.Build.0 = Debug|Any CPU
		{1223C33C-DDE7-419F-B434-AD6B143367BA}.Debug|x64.ActiveCfg = Debug|Any CPU
		{1223C33C-DDE7-419F-B434-AD6B143367BA}.Debug|x64.Build.0 = Debug|Any CPU
		{1223C33C-DDE7-419F-B434-AD6B143367BA}.Debug|x86.ActiveCfg = Debug|Any CPU
		{1223C33C-DDE7-419F-B434-AD6B143367BA}.Debug|x86.Build.0 = Debug|Any CPU
		{1223C33C-DDE7-419F-B434-AD6B143367BA}.Release|Any CPU.ActiveCfg = Release|Any CPU
		{1223C33C-DDE7-419F-B434-AD6B143367BA}.Release|Any CPU.Build.0 = Release|Any CPU
		{1223C33C-DDE7-419F-B434-AD6B143367BA}.Release|x64.ActiveCfg = Release|Any CPU
		{1223C33C-DDE7-419F-B434-AD6B143367BA}.Release|x64.Build.0 = Release|Any CPU
		{1223C33C-DDE7-419F-B434-AD6B143367BA}.Release|x86.ActiveCfg = Release|Any CPU
		{1223C33C-DDE7-419F-B434-AD6B143367BA}.Release|x86.Build.0 = Release|Any CPU
		{A0D887EA-83C6-40C4-A305-4F5A05EF4C9A}.Debug|Any CPU.ActiveCfg = Debug|Any CPU
		{A0D887EA-83C6-40C4-A305-4F5A05EF4C9A}.Debug|Any CPU.Build.0 = Debug|Any CPU
		{A0D887EA-83C6-40C4-A305-4F5A05EF4C9A}.Debug|x64.ActiveCfg = Debug|Any CPU
		{A0D887EA-83C6-40C4-A305-4F5A05EF4C9A}.Debug|x64.Build.0 = Debug|Any CPU
		{A0D887EA-83C6-40C4-A305-4F5A05EF4C9A}.Debug|x86.ActiveCfg = Debug|Any CPU
		{A0D887EA-83C6-40C4-A305-4F5A05EF4C9A}.Debug|x86.Build.0 = Debug|Any CPU
		{A0D887EA-83C6-40C4-A305-4F5A05EF4C9A}.Release|Any CPU.ActiveCfg = Release|Any CPU
		{A0D887EA-83C6-40C4-A305-4F5A05EF4C9A}.Release|Any CPU.Build.0 = Release|Any CPU
		{A0D887EA-83C6-40C4-A305-4F5A05EF4C9A}.Release|x64.ActiveCfg = Release|Any CPU
		{A0D887EA-83C6-40C4-A305-4F5A05EF4C9A}.Release|x64.Build.0 = Release|Any CPU
		{A0D887EA-83C6-40C4-A305-4F5A05EF4C9A}.Release|x86.ActiveCfg = Release|Any CPU
		{A0D887EA-83C6-40C4-A305-4F5A05EF4C9A}.Release|x86.Build.0 = Release|Any CPU
		{16A187AF-14D5-49CF-9C5B-E21C41BCE986}.Debug|Any CPU.ActiveCfg = Debug|Any CPU
		{16A187AF-14D5-49CF-9C5B-E21C41BCE986}.Debug|Any CPU.Build.0 = Debug|Any CPU
		{16A187AF-14D5-49CF-9C5B-E21C41BCE986}.Debug|x64.ActiveCfg = Debug|Any CPU
		{16A187AF-14D5-49CF-9C5B-E21C41BCE986}.Debug|x64.Build.0 = Debug|Any CPU
		{16A187AF-14D5-49CF-9C5B-E21C41BCE986}.Debug|x86.ActiveCfg = Debug|Any CPU
		{16A187AF-14D5-49CF-9C5B-E21C41BCE986}.Debug|x86.Build.0 = Debug|Any CPU
		{16A187AF-14D5-49CF-9C5B-E21C41BCE986}.Release|Any CPU.ActiveCfg = Release|Any CPU
		{16A187AF-14D5-49CF-9C5B-E21C41BCE986}.Release|Any CPU.Build.0 = Release|Any CPU
		{16A187AF-14D5-49CF-9C5B-E21C41BCE986}.Release|x64.ActiveCfg = Release|Any CPU
		{16A187AF-14D5-49CF-9C5B-E21C41BCE986}.Release|x64.Build.0 = Release|Any CPU
		{16A187AF-14D5-49CF-9C5B-E21C41BCE986}.Release|x86.ActiveCfg = Release|Any CPU
		{16A187AF-14D5-49CF-9C5B-E21C41BCE986}.Release|x86.Build.0 = Release|Any CPU
		{D6BE6450-7111-4E22-A24B-E31FD5788DB7}.Debug|Any CPU.ActiveCfg = Debug|Any CPU
		{D6BE6450-7111-4E22-A24B-E31FD5788DB7}.Debug|Any CPU.Build.0 = Debug|Any CPU
		{D6BE6450-7111-4E22-A24B-E31FD5788DB7}.Debug|x64.ActiveCfg = Debug|Any CPU
		{D6BE6450-7111-4E22-A24B-E31FD5788DB7}.Debug|x64.Build.0 = Debug|Any CPU
		{D6BE6450-7111-4E22-A24B-E31FD5788DB7}.Debug|x86.ActiveCfg = Debug|Any CPU
		{D6BE6450-7111-4E22-A24B-E31FD5788DB7}.Debug|x86.Build.0 = Debug|Any CPU
		{D6BE6450-7111-4E22-A24B-E31FD5788DB7}.Release|Any CPU.ActiveCfg = Release|Any CPU
		{D6BE6450-7111-4E22-A24B-E31FD5788DB7}.Release|Any CPU.Build.0 = Release|Any CPU
		{D6BE6450-7111-4E22-A24B-E31FD5788DB7}.Release|x64.ActiveCfg = Release|Any CPU
		{D6BE6450-7111-4E22-A24B-E31FD5788DB7}.Release|x64.Build.0 = Release|Any CPU
		{D6BE6450-7111-4E22-A24B-E31FD5788DB7}.Release|x86.ActiveCfg = Release|Any CPU
		{D6BE6450-7111-4E22-A24B-E31FD5788DB7}.Release|x86.Build.0 = Release|Any CPU
		{A16A81EA-E9A8-41AD-AF1E-B28F898443C7}.Debug|Any CPU.ActiveCfg = Debug|Any CPU
		{A16A81EA-E9A8-41AD-AF1E-B28F898443C7}.Debug|Any CPU.Build.0 = Debug|Any CPU
		{A16A81EA-E9A8-41AD-AF1E-B28F898443C7}.Debug|x64.ActiveCfg = Debug|Any CPU
		{A16A81EA-E9A8-41AD-AF1E-B28F898443C7}.Debug|x64.Build.0 = Debug|Any CPU
		{A16A81EA-E9A8-41AD-AF1E-B28F898443C7}.Debug|x86.ActiveCfg = Debug|Any CPU
		{A16A81EA-E9A8-41AD-AF1E-B28F898443C7}.Debug|x86.Build.0 = Debug|Any CPU
		{A16A81EA-E9A8-41AD-AF1E-B28F898443C7}.Release|Any CPU.ActiveCfg = Release|Any CPU
		{A16A81EA-E9A8-41AD-AF1E-B28F898443C7}.Release|Any CPU.Build.0 = Release|Any CPU
		{A16A81EA-E9A8-41AD-AF1E-B28F898443C7}.Release|x64.ActiveCfg = Release|Any CPU
		{A16A81EA-E9A8-41AD-AF1E-B28F898443C7}.Release|x64.Build.0 = Release|Any CPU
		{A16A81EA-E9A8-41AD-AF1E-B28F898443C7}.Release|x86.ActiveCfg = Release|Any CPU
		{A16A81EA-E9A8-41AD-AF1E-B28F898443C7}.Release|x86.Build.0 = Release|Any CPU
		{86881968-A8A4-445B-9957-30EBB7D6020B}.Debug|Any CPU.ActiveCfg = Debug|Any CPU
		{86881968-A8A4-445B-9957-30EBB7D6020B}.Debug|Any CPU.Build.0 = Debug|Any CPU
		{86881968-A8A4-445B-9957-30EBB7D6020B}.Debug|x64.ActiveCfg = Debug|Any CPU
		{86881968-A8A4-445B-9957-30EBB7D6020B}.Debug|x64.Build.0 = Debug|Any CPU
		{86881968-A8A4-445B-9957-30EBB7D6020B}.Debug|x86.ActiveCfg = Debug|Any CPU
		{86881968-A8A4-445B-9957-30EBB7D6020B}.Debug|x86.Build.0 = Debug|Any CPU
		{86881968-A8A4-445B-9957-30EBB7D6020B}.Release|Any CPU.ActiveCfg = Release|Any CPU
		{86881968-A8A4-445B-9957-30EBB7D6020B}.Release|Any CPU.Build.0 = Release|Any CPU
		{86881968-A8A4-445B-9957-30EBB7D6020B}.Release|x64.ActiveCfg = Release|Any CPU
		{86881968-A8A4-445B-9957-30EBB7D6020B}.Release|x64.Build.0 = Release|Any CPU
		{86881968-A8A4-445B-9957-30EBB7D6020B}.Release|x86.ActiveCfg = Release|Any CPU
		{86881968-A8A4-445B-9957-30EBB7D6020B}.Release|x86.Build.0 = Release|Any CPU
	EndGlobalSection
EndGlobal
